
Microsoft Visual Studio Solution File, Format Version 12.00
# Visual Studio Version 16
VisualStudioVersion = 16.0.31702.278
MinimumVisualStudioVersion = 10.0.40219.1
Project("{FAE04EC0-301F-11D3-BF4B-00C04F79EFBC}") = "TestingSample.Web", "TestingSample.Web\TestingSample.Web.csproj", "{EF1CA42C-06D7-400B-A3DE-2477FBC6F6E6}"
EndProject
Project("{FAE04EC0-301F-11D3-BF4B-00C04F79EFBC}") = "TestingSample.Tests", "TestingSample.Tests\TestingSample.Tests.csproj", "{9B204ED7-2E3D-4D4E-BA5D-EBD688BBC30D}"
EndProject
Global
	GlobalSection(SolutionConfigurationPlatforms) = preSolution
		Debug|Any CPU = Debug|Any CPU
		Release|Any CPU = Release|Any CPU
	EndGlobalSection
	GlobalSection(ProjectConfigurationPlatforms) = postSolution
		{EF1CA42C-06D7-400B-A3DE-2477FBC6F6E6}.Debug|Any CPU.ActiveCfg = Debug|Any CPU
		{EF1CA42C-06D7-400B-A3DE-2477FBC6F6E6}.Debug|Any CPU.Build.0 = Debug|Any CPU
		{EF1CA42C-06D7-400B-A3DE-2477FBC6F6E6}.Release|Any CPU.ActiveCfg = Release|Any CPU
		{EF1CA42C-06D7-400B-A3DE-2477FBC6F6E6}.Release|Any CPU.Build.0 = Release|Any CPU
		{9B204ED7-2E3D-4D4E-BA5D-EBD688BBC30D}.Debug|Any CPU.ActiveCfg = Debug|Any CPU
		{9B204ED7-2E3D-4D4E-BA5D-EBD688BBC30D}.Debug|Any CPU.Build.0 = Debug|Any CPU
		{9B204ED7-2E3D-4D4E-BA5D-EBD688BBC30D}.Release|Any CPU.ActiveCfg = Release|Any CPU
		{9B204ED7-2E3D-4D4E-BA5D-EBD688BBC30D}.Release|Any CPU.Build.0 = Release|Any CPU
	EndGlobalSection
	GlobalSection(SolutionProperties) = preSolution
		HideSolutionNode = FALSE
	EndGlobalSection
	GlobalSection(ExtensibilityGlobals) = postSolution
		SolutionGuid = {ECC62E3D-3BA7-487F-B604-09D6C12AEAEC}
	EndGlobalSection
EndGlobal
